
Microsoft Visual Studio Solution File, Format Version 12.00
# Visual Studio Version 17
VisualStudioVersion = 17.4.33205.214
MinimumVisualStudioVersion = 10.0.40219.1
Project("{FAE04EC0-301F-11D3-BF4B-00C04F79EFBC}") = "inss2206", "inss2206\inss2206.csproj", "{A85F6B0D-7161-4C67-96C2-0938EC8E3830}"
EndProject
Global
	GlobalSection(SolutionConfigurationPlatforms) = preSolution
		Debug|Any CPU = Debug|Any CPU
		Release|Any CPU = Release|Any CPU
	EndGlobalSection
	GlobalSection(ProjectConfigurationPlatforms) = postSolution
		{A85F6B0D-7161-4C67-96C2-0938EC8E3830}.Debug|Any CPU.ActiveCfg = Debug|Any CPU
		{A85F6B0D-7161-4C67-96C2-0938EC8E3830}.Debug|Any CPU.Build.0 = Debug|Any CPU
		{A85F6B0D-7161-4C67-96C2-0938EC8E3830}.Release|Any CPU.ActiveCfg = Release|Any CPU
		{A85F6B0D-7161-4C67-96C2-0938EC8E3830}.Release|Any CPU.Build.0 = Release|Any CPU
	EndGlobalSection
	GlobalSection(SolutionProperties) = preSolution
		HideSolutionNode = FALSE
	EndGlobalSection
	GlobalSection(ExtensibilityGlobals) = postSolution
		SolutionGuid = {51637501-2387-4596-915C-8EFD7D030753}
	EndGlobalSection
EndGlobal
